
Microsoft Visual Studio Solution File, Format Version 12.00
# Visual Studio Version 17
VisualStudioVersion = 17.9.34714.143
MinimumVisualStudioVersion = 10.0.40219.1
Project("{FAE04EC0-301F-11D3-BF4B-00C04F79EFBC}") = "GetCursorStateLibrary", "GetCursorStateLibrary.csproj", "{46652613-C097-4ED8-BB98-EE3858B1AA71}"
EndProject
Global
	GlobalSection(SolutionConfigurationPlatforms) = preSolution
		Debug|Any CPU = Debug|Any CPU
		Release|Any CPU = Release|Any CPU
	EndGlobalSection
	GlobalSection(ProjectConfigurationPlatforms) = postSolution
		{46652613-C097-4ED8-BB98-EE3858B1AA71}.Debug|Any CPU.ActiveCfg = Debug|Any CPU
		{46652613-C097-4ED8-BB98-EE3858B1AA71}.Debug|Any CPU.Build.0 = Debug|Any CPU
		{46652613-C097-4ED8-BB98-EE3858B1AA71}.Release|Any CPU.ActiveCfg = Release|Any CPU
		{46652613-C097-4ED8-BB98-EE3858B1AA71}.Release|Any CPU.Build.0 = Release|Any CPU
	EndGlobalSection
	GlobalSection(SolutionProperties) = preSolution
		HideSolutionNode = FALSE
	EndGlobalSection
	GlobalSection(ExtensibilityGlobals) = postSolution
		SolutionGuid = {0637D2B0-6C22-4233-A202-71FA9CAF78F3}
	EndGlobalSection
EndGlobal
